{
  "version": 4,
  "terraform_version": "1.4.5",
  "serial": 8,
  "lineage": "a0590b85-291d-3868-552f-21f3bf9e4a23",
  "outputs": {
    "cluster_endpoint": {
      "value": "https://56f58bce-9e8a-414c-b47e-e6866a879bcf.k8s.ondigitalocean.com",
      "type": "string"
    },
    "cluster_kubeconfig": {
      "value": [
        {
          "client_certificate": "",
          "client_key": "",
          "cluster_ca_certificate": "LS0tLS1CRUdJTiBDRVJUSUZJQ0FURS0tLS0tCk1JSURKekNDQWcrZ0F3SUJBZ0lDQm5Vd0RRWUpLb1pJaHZjTkFRRUxCUUF3TXpFVk1CTUdBMVVFQ2hNTVJHbG4KYVhSaGJFOWpaV0Z1TVJvd0dBWURWUVFERXhGck9ITmhZWE1nUTJ4MWMzUmxjaUJEUVRBZUZ3MHlNekExTWpjdwpOelUxTlRaYUZ3MDBNekExTWpjd056VTFOVFphTURNeEZUQVRCZ05WQkFvVERFUnBaMmwwWVd4UFkyVmhiakVhCk1CZ0dBMVVFQXhNUmF6aHpZV0Z6SUVOc2RYTjBaWElnUTBFd2dnRWlNQTBHQ1NxR1NJYjNEUUVCQVFVQUE0SUIKRHdBd2dnRUtBb0lCQVFDMHlwcmN0eGI4SmFaLzloWXNNMTFYNjVyK2dkZEhNRlV4M1QxWFZBa0IwakR4Q2J5cgpVd3FWeTA2ODJ6bGNLNExJb2lkOEZkY1hlazhad3J3aEdZenBEYmFiaFVIVjM5V3owZzQ2cWtKU0ttSkdWb0FJCk1PY2ZsU2FXU0VwOW5rTHB5U2JrWDkxb2lqVWVPbE4rVlYvMlM0MVpuL3RKNmVQTmFMZlJLa3JBbVozV2MzcmwKL3hwazgyVllUdnhoOHRaMTBOUTByTG1FTU5kTGN2UGh0YWNUWHplaEt2amFtWklzN2QwWDErSnR3bHFzRlhueQpPbmNyNklBWFcrRDZYZnhpcTdhZ1Z4Q3oyWlpnVTRKZ09oN3ByL3NMdnVLVFlDOXk2OGhaREozdFdDeDJ1ZDBBCm5wdGVwMzFINUlmSUN3M3hIUlpVVUQ4UmE1RXFGazFxaHlXUkFnTUJBQUdqUlRCRE1BNEdBMVVkRHdFQi93UUUKQXdJQmhqQVNCZ05WSFJNQkFmOEVDREFHQVFIL0FnRUFNQjBHQTFVZERnUVdCQlFvSk43NkJrSTZ1Sk1hdzc1UwpXb3lSRGd0dXlqQU5CZ2txaGtpRzl3MEJBUXNGQUFPQ0FRRUFyU2ZTSWhFLzVzMGVrY0Rxb1JXMHN3RDYxSEkzClFCQVR2NGVSa0JXMDU3SkxPQWl4cGxKUUZHcG1mVFh1SkZ4OFZkQU1hYm5TWWZCbXdVOVFEdmxaNWVIMnNremMKZTdnZWJzY0wvTjZsTHUwQytTMzFiOWlXRGJxdFIrakludVhoOE1WaUhXdGs4K1FZeC9rbnNNUTNadzRXVVlHbwpKb1FQMmIzZVlBbmxlYXRySHZkMENHbEQ3TmNQb2RzbkJOa3dhTFhKTm44R1F2RzRvUWd3d0RrbWNjNVpMWjlGClJtWEhWa3F5S1JVV0xsRUcxUVhKVkNxMHpUbHM0VGJwalJETTV4V1N0Smx6Q3VTTWFBMVB1dXlXaTd5RVd5cUgKdUFWU1lkNmFoRnRVdlJPTGl2bHIyOGJsb3JRcnRxS2dHdjZ3UXRzbTA3bUM0UlFUZFBLZ1BIM29uZz09Ci0tLS0tRU5EIENFUlRJRklDQVRFLS0tLS0K",
          "expires_at": "2023-06-03T08:01:32Z",
          "host": "https://56f58bce-9e8a-414c-b47e-e6866a879bcf.k8s.ondigitalocean.com",
          "raw_config": "apiVersion: v1\nkind: Config\nclusters:\n- cluster:\n    certificate-authority-data: LS0tLS1CRUdJTiBDRVJUSUZJQ0FURS0tLS0tCk1JSURKekNDQWcrZ0F3SUJBZ0lDQm5Vd0RRWUpLb1pJaHZjTkFRRUxCUUF3TXpFVk1CTUdBMVVFQ2hNTVJHbG4KYVhSaGJFOWpaV0Z1TVJvd0dBWURWUVFERXhGck9ITmhZWE1nUTJ4MWMzUmxjaUJEUVRBZUZ3MHlNekExTWpjdwpOelUxTlRaYUZ3MDBNekExTWpjd056VTFOVFphTURNeEZUQVRCZ05WQkFvVERFUnBaMmwwWVd4UFkyVmhiakVhCk1CZ0dBMVVFQXhNUmF6aHpZV0Z6SUVOc2RYTjBaWElnUTBFd2dnRWlNQTBHQ1NxR1NJYjNEUUVCQVFVQUE0SUIKRHdBd2dnRUtBb0lCQVFDMHlwcmN0eGI4SmFaLzloWXNNMTFYNjVyK2dkZEhNRlV4M1QxWFZBa0IwakR4Q2J5cgpVd3FWeTA2ODJ6bGNLNExJb2lkOEZkY1hlazhad3J3aEdZenBEYmFiaFVIVjM5V3owZzQ2cWtKU0ttSkdWb0FJCk1PY2ZsU2FXU0VwOW5rTHB5U2JrWDkxb2lqVWVPbE4rVlYvMlM0MVpuL3RKNmVQTmFMZlJLa3JBbVozV2MzcmwKL3hwazgyVllUdnhoOHRaMTBOUTByTG1FTU5kTGN2UGh0YWNUWHplaEt2amFtWklzN2QwWDErSnR3bHFzRlhueQpPbmNyNklBWFcrRDZYZnhpcTdhZ1Z4Q3oyWlpnVTRKZ09oN3ByL3NMdnVLVFlDOXk2OGhaREozdFdDeDJ1ZDBBCm5wdGVwMzFINUlmSUN3M3hIUlpVVUQ4UmE1RXFGazFxaHlXUkFnTUJBQUdqUlRCRE1BNEdBMVVkRHdFQi93UUUKQXdJQmhqQVNCZ05WSFJNQkFmOEVDREFHQVFIL0FnRUFNQjBHQTFVZERnUVdCQlFvSk43NkJrSTZ1Sk1hdzc1UwpXb3lSRGd0dXlqQU5CZ2txaGtpRzl3MEJBUXNGQUFPQ0FRRUFyU2ZTSWhFLzVzMGVrY0Rxb1JXMHN3RDYxSEkzClFCQVR2NGVSa0JXMDU3SkxPQWl4cGxKUUZHcG1mVFh1SkZ4OFZkQU1hYm5TWWZCbXdVOVFEdmxaNWVIMnNremMKZTdnZWJzY0wvTjZsTHUwQytTMzFiOWlXRGJxdFIrakludVhoOE1WaUhXdGs4K1FZeC9rbnNNUTNadzRXVVlHbwpKb1FQMmIzZVlBbmxlYXRySHZkMENHbEQ3TmNQb2RzbkJOa3dhTFhKTm44R1F2RzRvUWd3d0RrbWNjNVpMWjlGClJtWEhWa3F5S1JVV0xsRUcxUVhKVkNxMHpUbHM0VGJwalJETTV4V1N0Smx6Q3VTTWFBMVB1dXlXaTd5RVd5cUgKdUFWU1lkNmFoRnRVdlJPTGl2bHIyOGJsb3JRcnRxS2dHdjZ3UXRzbTA3bUM0UlFUZFBLZ1BIM29uZz09Ci0tLS0tRU5EIENFUlRJRklDQVRFLS0tLS0K\n    server: https://56f58bce-9e8a-414c-b47e-e6866a879bcf.k8s.ondigitalocean.com\n  name: do-fra1-cs-dev\ncontexts:\n- context:\n    cluster: do-fra1-cs-dev\n    user: do-fra1-cs-dev-admin\n  name: do-fra1-cs-dev\ncurrent-context: do-fra1-cs-dev\nusers:\n- name: do-fra1-cs-dev-admin\n  user:\n    token: dop_v1_3543e93035c689cfc39f48ae3ec21271bd2f32804c07b3b68220772da87a7e91\n",
          "token": "dop_v1_3543e93035c689cfc39f48ae3ec21271bd2f32804c07b3b68220772da87a7e91"
        }
      ],
      "type": [
        "list",
        [
          "object",
          {
            "client_certificate": "string",
            "client_key": "string",
            "cluster_ca_certificate": "string",
            "expires_at": "string",
            "host": "string",
            "raw_config": "string",
            "token": "string"
          }
        ]
      ],
      "sensitive": true
    },
    "cluster_name": {
      "value": "cs-dev",
      "type": "string"
    },
    "cluster_region": {
      "value": "fra1",
      "type": "string"
    },
    "cluster_service_subnet": {
      "value": "10.245.0.0/16",
      "type": "string"
    },
    "cluster_subnet": {
      "value": "10.244.0.0/16",
      "type": "string"
    },
    "cluster_urn": {
      "value": "do:kubernetes:56f58bce-9e8a-414c-b47e-e6866a879bcf",
      "type": "string"
    }
  },
  "resources": [
    {
      "mode": "data",
      "type": "digitalocean_vpc",
      "name": "cs-vpc",
      "provider": "provider[\"registry.terraform.io/digitalocean/digitalocean\"]",
      "instances": [
        {
          "schema_version": 0,
          "attributes": {
            "created_at": "2023-05-27 07:54:13 +0000 UTC",
            "default": false,
            "description": "",
            "id": "f181af58-0096-4d27-8072-c4aef8a64dc4",
            "ip_range": "172.31.0.0/26",
            "name": "cs-vpc-dev",
            "region": "fra1",
            "urn": "do:vpc:f181af58-0096-4d27-8072-c4aef8a64dc4"
          },
          "sensitive_attributes": []
        }
      ]
    },
    {
      "mode": "managed",
      "type": "digitalocean_kubernetes_cluster",
      "name": "cs-dev",
      "provider": "provider[\"registry.terraform.io/digitalocean/digitalocean\"]",
      "instances": [
        {
          "schema_version": 3,
          "attributes": {
            "auto_upgrade": false,
            "cluster_subnet": "10.244.0.0/16",
            "created_at": "2023-05-27 07:55:51 +0000 UTC",
            "endpoint": "https://56f58bce-9e8a-414c-b47e-e6866a879bcf.k8s.ondigitalocean.com",
            "ha": false,
            "id": "56f58bce-9e8a-414c-b47e-e6866a879bcf",
            "ipv4_address": "",
            "kube_config": [
              {
                "client_certificate": "",
                "client_key": "",
                "cluster_ca_certificate": "LS0tLS1CRUdJTiBDRVJUSUZJQ0FURS0tLS0tCk1JSURKekNDQWcrZ0F3SUJBZ0lDQm5Vd0RRWUpLb1pJaHZjTkFRRUxCUUF3TXpFVk1CTUdBMVVFQ2hNTVJHbG4KYVhSaGJFOWpaV0Z1TVJvd0dBWURWUVFERXhGck9ITmhZWE1nUTJ4MWMzUmxjaUJEUVRBZUZ3MHlNekExTWpjdwpOelUxTlRaYUZ3MDBNekExTWpjd056VTFOVFphTURNeEZUQVRCZ05WQkFvVERFUnBaMmwwWVd4UFkyVmhiakVhCk1CZ0dBMVVFQXhNUmF6aHpZV0Z6SUVOc2RYTjBaWElnUTBFd2dnRWlNQTBHQ1NxR1NJYjNEUUVCQVFVQUE0SUIKRHdBd2dnRUtBb0lCQVFDMHlwcmN0eGI4SmFaLzloWXNNMTFYNjVyK2dkZEhNRlV4M1QxWFZBa0IwakR4Q2J5cgpVd3FWeTA2ODJ6bGNLNExJb2lkOEZkY1hlazhad3J3aEdZenBEYmFiaFVIVjM5V3owZzQ2cWtKU0ttSkdWb0FJCk1PY2ZsU2FXU0VwOW5rTHB5U2JrWDkxb2lqVWVPbE4rVlYvMlM0MVpuL3RKNmVQTmFMZlJLa3JBbVozV2MzcmwKL3hwazgyVllUdnhoOHRaMTBOUTByTG1FTU5kTGN2UGh0YWNUWHplaEt2amFtWklzN2QwWDErSnR3bHFzRlhueQpPbmNyNklBWFcrRDZYZnhpcTdhZ1Z4Q3oyWlpnVTRKZ09oN3ByL3NMdnVLVFlDOXk2OGhaREozdFdDeDJ1ZDBBCm5wdGVwMzFINUlmSUN3M3hIUlpVVUQ4UmE1RXFGazFxaHlXUkFnTUJBQUdqUlRCRE1BNEdBMVVkRHdFQi93UUUKQXdJQmhqQVNCZ05WSFJNQkFmOEVDREFHQVFIL0FnRUFNQjBHQTFVZERnUVdCQlFvSk43NkJrSTZ1Sk1hdzc1UwpXb3lSRGd0dXlqQU5CZ2txaGtpRzl3MEJBUXNGQUFPQ0FRRUFyU2ZTSWhFLzVzMGVrY0Rxb1JXMHN3RDYxSEkzClFCQVR2NGVSa0JXMDU3SkxPQWl4cGxKUUZHcG1mVFh1SkZ4OFZkQU1hYm5TWWZCbXdVOVFEdmxaNWVIMnNremMKZTdnZWJzY0wvTjZsTHUwQytTMzFiOWlXRGJxdFIrakludVhoOE1WaUhXdGs4K1FZeC9rbnNNUTNadzRXVVlHbwpKb1FQMmIzZVlBbmxlYXRySHZkMENHbEQ3TmNQb2RzbkJOa3dhTFhKTm44R1F2RzRvUWd3d0RrbWNjNVpMWjlGClJtWEhWa3F5S1JVV0xsRUcxUVhKVkNxMHpUbHM0VGJwalJETTV4V1N0Smx6Q3VTTWFBMVB1dXlXaTd5RVd5cUgKdUFWU1lkNmFoRnRVdlJPTGl2bHIyOGJsb3JRcnRxS2dHdjZ3UXRzbTA3bUM0UlFUZFBLZ1BIM29uZz09Ci0tLS0tRU5EIENFUlRJRklDQVRFLS0tLS0K",
                "expires_at": "2023-06-03T08:01:32Z",
                "host": "https://56f58bce-9e8a-414c-b47e-e6866a879bcf.k8s.ondigitalocean.com",
                "raw_config": "apiVersion: v1\nkind: Config\nclusters:\n- cluster:\n    certificate-authority-data: LS0tLS1CRUdJTiBDRVJUSUZJQ0FURS0tLS0tCk1JSURKekNDQWcrZ0F3SUJBZ0lDQm5Vd0RRWUpLb1pJaHZjTkFRRUxCUUF3TXpFVk1CTUdBMVVFQ2hNTVJHbG4KYVhSaGJFOWpaV0Z1TVJvd0dBWURWUVFERXhGck9ITmhZWE1nUTJ4MWMzUmxjaUJEUVRBZUZ3MHlNekExTWpjdwpOelUxTlRaYUZ3MDBNekExTWpjd056VTFOVFphTURNeEZUQVRCZ05WQkFvVERFUnBaMmwwWVd4UFkyVmhiakVhCk1CZ0dBMVVFQXhNUmF6aHpZV0Z6SUVOc2RYTjBaWElnUTBFd2dnRWlNQTBHQ1NxR1NJYjNEUUVCQVFVQUE0SUIKRHdBd2dnRUtBb0lCQVFDMHlwcmN0eGI4SmFaLzloWXNNMTFYNjVyK2dkZEhNRlV4M1QxWFZBa0IwakR4Q2J5cgpVd3FWeTA2ODJ6bGNLNExJb2lkOEZkY1hlazhad3J3aEdZenBEYmFiaFVIVjM5V3owZzQ2cWtKU0ttSkdWb0FJCk1PY2ZsU2FXU0VwOW5rTHB5U2JrWDkxb2lqVWVPbE4rVlYvMlM0MVpuL3RKNmVQTmFMZlJLa3JBbVozV2MzcmwKL3hwazgyVllUdnhoOHRaMTBOUTByTG1FTU5kTGN2UGh0YWNUWHplaEt2amFtWklzN2QwWDErSnR3bHFzRlhueQpPbmNyNklBWFcrRDZYZnhpcTdhZ1Z4Q3oyWlpnVTRKZ09oN3ByL3NMdnVLVFlDOXk2OGhaREozdFdDeDJ1ZDBBCm5wdGVwMzFINUlmSUN3M3hIUlpVVUQ4UmE1RXFGazFxaHlXUkFnTUJBQUdqUlRCRE1BNEdBMVVkRHdFQi93UUUKQXdJQmhqQVNCZ05WSFJNQkFmOEVDREFHQVFIL0FnRUFNQjBHQTFVZERnUVdCQlFvSk43NkJrSTZ1Sk1hdzc1UwpXb3lSRGd0dXlqQU5CZ2txaGtpRzl3MEJBUXNGQUFPQ0FRRUFyU2ZTSWhFLzVzMGVrY0Rxb1JXMHN3RDYxSEkzClFCQVR2NGVSa0JXMDU3SkxPQWl4cGxKUUZHcG1mVFh1SkZ4OFZkQU1hYm5TWWZCbXdVOVFEdmxaNWVIMnNremMKZTdnZWJzY0wvTjZsTHUwQytTMzFiOWlXRGJxdFIrakludVhoOE1WaUhXdGs4K1FZeC9rbnNNUTNadzRXVVlHbwpKb1FQMmIzZVlBbmxlYXRySHZkMENHbEQ3TmNQb2RzbkJOa3dhTFhKTm44R1F2RzRvUWd3d0RrbWNjNVpMWjlGClJtWEhWa3F5S1JVV0xsRUcxUVhKVkNxMHpUbHM0VGJwalJETTV4V1N0Smx6Q3VTTWFBMVB1dXlXaTd5RVd5cUgKdUFWU1lkNmFoRnRVdlJPTGl2bHIyOGJsb3JRcnRxS2dHdjZ3UXRzbTA3bUM0UlFUZFBLZ1BIM29uZz09Ci0tLS0tRU5EIENFUlRJRklDQVRFLS0tLS0K\n    server: https://56f58bce-9e8a-414c-b47e-e6866a879bcf.k8s.ondigitalocean.com\n  name: do-fra1-cs-dev\ncontexts:\n- context:\n    cluster: do-fra1-cs-dev\n    user: do-fra1-cs-dev-admin\n  name: do-fra1-cs-dev\ncurrent-context: do-fra1-cs-dev\nusers:\n- name: do-fra1-cs-dev-admin\n  user:\n    token: dop_v1_3543e93035c689cfc39f48ae3ec21271bd2f32804c07b3b68220772da87a7e91\n",
                "token": "dop_v1_3543e93035c689cfc39f48ae3ec21271bd2f32804c07b3b68220772da87a7e91"
              }
            ],
            "maintenance_policy": [
              {
                "day": "sunday",
                "duration": "4h0m0s",
                "start_time": "02:00"
              }
            ],
            "name": "cs-dev",
            "node_pool": [
              {
                "actual_node_count": 2,
                "auto_scale": true,
                "id": "fa27dd57-aac7-4996-a2a4-a1f7a4492b53",
                "labels": {},
                "max_nodes": 3,
                "min_nodes": 1,
                "name": "worker-pool",
                "node_count": 0,
                "nodes": [
                  {
                    "created_at": "2023-05-27 07:55:51 +0000 UTC",
                    "droplet_id": "357462700",
                    "id": "d4e869a7-e708-4645-8457-aa2e1415f28d",
                    "name": "worker-pool-fgybw",
                    "status": "running",
                    "updated_at": "2023-05-27 07:57:56 +0000 UTC"
                  },
                  {
                    "created_at": "2023-05-27 08:09:17 +0000 UTC",
                    "droplet_id": "357463933",
                    "id": "398370d2-6ac6-4f9e-9f45-422e70fd74f9",
                    "name": "worker-pool-fgyti",
                    "status": "running",
                    "updated_at": "2023-05-27 08:09:56 +0000 UTC"
                  }
                ],
                "size": "s-2vcpu-4gb",
                "tags": [],
                "taint": []
              }
            ],
            "region": "fra1",
            "service_subnet": "10.245.0.0/16",
            "status": "running",
            "surge_upgrade": false,
            "tags": [],
            "timeouts": null,
            "updated_at": "2023-05-27 08:37:47 +0000 UTC",
            "urn": "do:kubernetes:56f58bce-9e8a-414c-b47e-e6866a879bcf",
            "version": "1.25.8-do.0",
            "vpc_uuid": "f181af58-0096-4d27-8072-c4aef8a64dc4"
          },
          "sensitive_attributes": [],
          "private": "eyJlMmJmYjczMC1lY2FhLTExZTYtOGY4OC0zNDM2M2JjN2M0YzAiOnsiY3JlYXRlIjoxODAwMDAwMDAwMDAwfSwic2NoZW1hX3ZlcnNpb24iOiIzIn0=",
          "dependencies": [
            "data.digitalocean_vpc.cs-vpc"
          ]
        }
      ]
    },
    {
      "mode": "managed",
      "type": "helm_release",
      "name": "cert-manager",
      "provider": "provider[\"registry.terraform.io/hashicorp/helm\"]",
      "instances": [
        {
          "schema_version": 1,
          "attributes": {
            "atomic": false,
            "chart": "cert-manager",
            "cleanup_on_fail": false,
            "create_namespace": false,
            "dependency_update": false,
            "description": null,
            "devel": null,
            "disable_crd_hooks": false,
            "disable_openapi_validation": false,
            "disable_webhooks": false,
            "force_update": false,
            "id": "cert-manager",
            "keyring": null,
            "lint": false,
            "manifest": null,
            "max_history": 0,
            "metadata": [
              {
                "app_version": "v1.11.0",
                "chart": "cert-manager",
                "name": "cert-manager",
                "namespace": "kube-system",
                "revision": 1,
                "values": "{\"installCRDs\":true}",
                "version": "v1.11.0"
              }
            ],
            "name": "cert-manager",
            "namespace": "kube-system",
            "pass_credentials": false,
            "postrender": [],
            "recreate_pods": false,
            "render_subchart_notes": true,
            "replace": false,
            "repository": "https://charts.jetstack.io",
            "repository_ca_file": null,
            "repository_cert_file": null,
            "repository_key_file": null,
            "repository_password": null,
            "repository_username": null,
            "reset_values": false,
            "reuse_values": false,
            "set": [
              {
                "name": "installCRDs",
                "type": "",
                "value": "true"
              }
            ],
            "set_sensitive": [],
            "skip_crds": false,
            "status": "deployed",
            "timeout": 600,
            "values": null,
            "verify": false,
            "version": "v1.11.0",
            "wait": true,
            "wait_for_jobs": false
          },
          "sensitive_attributes": [],
          "private": "eyJzY2hlbWFfdmVyc2lvbiI6IjEifQ==",
          "dependencies": [
            "data.digitalocean_vpc.cs-vpc",
            "digitalocean_kubernetes_cluster.cs-dev"
          ]
        }
      ]
    },
    {
      "mode": "managed",
      "type": "helm_release",
      "name": "metrics-server",
      "provider": "provider[\"registry.terraform.io/hashicorp/helm\"]",
      "instances": [
        {
          "schema_version": 1,
          "attributes": {
            "atomic": false,
            "chart": "metrics-server",
            "cleanup_on_fail": false,
            "create_namespace": false,
            "dependency_update": false,
            "description": null,
            "devel": null,
            "disable_crd_hooks": false,
            "disable_openapi_validation": false,
            "disable_webhooks": false,
            "force_update": false,
            "id": "metrics-server",
            "keyring": null,
            "lint": false,
            "manifest": null,
            "max_history": 0,
            "metadata": [
              {
                "app_version": "0.6.3",
                "chart": "metrics-server",
                "name": "metrics-server",
                "namespace": "kube-system",
                "revision": 1,
                "values": "null",
                "version": "3.9.0"
              }
            ],
            "name": "metrics-server",
            "namespace": "kube-system",
            "pass_credentials": false,
            "postrender": [],
            "recreate_pods": false,
            "render_subchart_notes": true,
            "replace": false,
            "repository": "https://kubernetes-sigs.github.io/metrics-server/",
            "repository_ca_file": null,
            "repository_cert_file": null,
            "repository_key_file": null,
            "repository_password": null,
            "repository_username": null,
            "reset_values": false,
            "reuse_values": false,
            "set": [],
            "set_sensitive": [],
            "skip_crds": false,
            "status": "deployed",
            "timeout": 600,
            "values": null,
            "verify": false,
            "version": "3.9.0",
            "wait": true,
            "wait_for_jobs": false
          },
          "sensitive_attributes": [],
          "private": "eyJzY2hlbWFfdmVyc2lvbiI6IjEifQ==",
          "dependencies": [
            "data.digitalocean_vpc.cs-vpc",
            "digitalocean_kubernetes_cluster.cs-dev"
          ]
        }
      ]
    },
    {
      "mode": "managed",
      "type": "helm_release",
      "name": "nginx-ingress",
      "provider": "provider[\"registry.terraform.io/hashicorp/helm\"]",
      "instances": [
        {
          "schema_version": 1,
          "attributes": {
            "atomic": false,
            "chart": "ingress-nginx",
            "cleanup_on_fail": false,
            "create_namespace": false,
            "dependency_update": false,
            "description": null,
            "devel": null,
            "disable_crd_hooks": false,
            "disable_openapi_validation": false,
            "disable_webhooks": false,
            "force_update": false,
            "id": "nginx-ingress",
            "keyring": null,
            "lint": false,
            "manifest": null,
            "max_history": 0,
            "metadata": [
              {
                "app_version": "1.6.4",
                "chart": "ingress-nginx",
                "name": "nginx-ingress",
                "namespace": "kube-system",
                "revision": 1,
                "values": "{\"controller\":{\"publishService\":{\"enabled\":true}}}",
                "version": "4.5.2"
              }
            ],
            "name": "nginx-ingress",
            "namespace": "kube-system",
            "pass_credentials": false,
            "postrender": [],
            "recreate_pods": false,
            "render_subchart_notes": true,
            "replace": false,
            "repository": "https://kubernetes.github.io/ingress-nginx",
            "repository_ca_file": null,
            "repository_cert_file": null,
            "repository_key_file": null,
            "repository_password": null,
            "repository_username": null,
            "reset_values": false,
            "reuse_values": false,
            "set": [
              {
                "name": "controller.publishService.enabled",
                "type": "",
                "value": "true"
              }
            ],
            "set_sensitive": [],
            "skip_crds": false,
            "status": "deployed",
            "timeout": 600,
            "values": null,
            "verify": false,
            "version": "4.5.2",
            "wait": true,
            "wait_for_jobs": false
          },
          "sensitive_attributes": [],
          "private": "eyJzY2hlbWFfdmVyc2lvbiI6IjEifQ==",
          "dependencies": [
            "data.digitalocean_vpc.cs-vpc",
            "digitalocean_kubernetes_cluster.cs-dev"
          ]
        }
      ]
    },
    {
      "mode": "managed",
      "type": "helm_release",
      "name": "sealed-secrets",
      "provider": "provider[\"registry.terraform.io/hashicorp/helm\"]",
      "instances": [
        {
          "schema_version": 1,
          "attributes": {
            "atomic": false,
            "chart": "sealed-secrets",
            "cleanup_on_fail": false,
            "create_namespace": false,
            "dependency_update": false,
            "description": null,
            "devel": null,
            "disable_crd_hooks": false,
            "disable_openapi_validation": false,
            "disable_webhooks": false,
            "force_update": false,
            "id": "sealed-secrets",
            "keyring": null,
            "lint": false,
            "manifest": null,
            "max_history": 0,
            "metadata": [
              {
                "app_version": "v0.19.5",
                "chart": "sealed-secrets",
                "name": "sealed-secrets",
                "namespace": "kube-system",
                "revision": 1,
                "values": "{\"ingress\":{\"enabled\":false}}",
                "version": "2.7.6"
              }
            ],
            "name": "sealed-secrets",
            "namespace": "kube-system",
            "pass_credentials": false,
            "postrender": [],
            "recreate_pods": false,
            "render_subchart_notes": true,
            "replace": false,
            "repository": "https://bitnami-labs.github.io/sealed-secrets",
            "repository_ca_file": null,
            "repository_cert_file": null,
            "repository_key_file": null,
            "repository_password": null,
            "repository_username": null,
            "reset_values": false,
            "reuse_values": false,
            "set": [
              {
                "name": "ingress.enabled",
                "type": "",
                "value": "false"
              }
            ],
            "set_sensitive": [],
            "skip_crds": false,
            "status": "deployed",
            "timeout": 600,
            "values": null,
            "verify": false,
            "version": "2.7.6",
            "wait": true,
            "wait_for_jobs": false
          },
          "sensitive_attributes": [],
          "private": "eyJzY2hlbWFfdmVyc2lvbiI6IjEifQ==",
          "dependencies": [
            "data.digitalocean_vpc.cs-vpc",
            "digitalocean_kubernetes_cluster.cs-dev"
          ]
        }
      ]
    }
  ],
  "check_results": null
}
