{
  "version": 4,
  "terraform_version": "1.4.5",
  "serial": 1,
  "lineage": "e0971ddb-5ae9-bc1f-2dea-2e076adb5d11",
  "outputs": {},
  "resources": [
    {
      "mode": "managed",
      "type": "digitalocean_container_registry",
      "name": "dev-registry",
      "provider": "provider[\"registry.terraform.io/digitalocean/digitalocean\"]",
      "instances": [
        {
          "schema_version": 0,
          "attributes": {
            "created_at": "2023-05-27 07:54:51 +0000 UTC",
            "endpoint": "registry.digitalocean.com/cs-dev-registry",
            "id": "cs-dev-registry",
            "name": "cs-dev-registry",
            "region": "fra1",
            "server_url": "registry.digitalocean.com",
            "storage_usage_bytes": 0,
            "subscription_tier_slug": "basic"
          },
          "sensitive_attributes": [],
          "private": "bnVsbA=="
        }
      ]
    }
  ],
  "check_results": null
}
